
Microsoft Visual Studio Solution File, Format Version 12.00
# Visual Studio Version 16
VisualStudioVersion = 16.0.32126.315
MinimumVisualStudioVersion = 10.0.40219.1
Project("{FAE04EC0-301F-11D3-BF4B-00C04F79EFBC}") = "Aurora", "Aurora.csproj", "{58C7DED0-7778-46F9-A227-7E27C1067D93}"
EndProject
Global
	GlobalSection(SolutionConfigurationPlatforms) = preSolution
		Debug|Any CPU = Debug|Any CPU
		Release|Any CPU = Release|Any CPU
	EndGlobalSection
	GlobalSection(ProjectConfigurationPlatforms) = postSolution
		{58C7DED0-7778-46F9-A227-7E27C1067D93}.Debug|Any CPU.ActiveCfg = Debug|Any CPU
		{58C7DED0-7778-46F9-A227-7E27C1067D93}.Debug|Any CPU.Build.0 = Debug|Any CPU
		{58C7DED0-7778-46F9-A227-7E27C1067D93}.Release|Any CPU.ActiveCfg = Release|Any CPU
		{58C7DED0-7778-46F9-A227-7E27C1067D93}.Release|Any CPU.Build.0 = Release|Any CPU
	EndGlobalSection
	GlobalSection(SolutionProperties) = preSolution
		HideSolutionNode = FALSE
	EndGlobalSection
	GlobalSection(ExtensibilityGlobals) = postSolution
		SolutionGuid = {E88D85B1-7733-402C-B0DC-A39AABD00F30}
	EndGlobalSection
EndGlobal
